
Microsoft Visual Studio Solution File, Format Version 12.00
# Visual Studio 15
VisualStudioVersion = 15.0.28307.1259
MinimumVisualStudioVersion = 10.0.40219.1
Project("{FAE04EC0-301F-11D3-BF4B-00C04F79EFBC}") = "ProyectoCLIPMoney", "ProyectoCLIPMoney\ProyectoCLIPMoney.csproj", "{780F1962-A52B-477C-A4E0-F413AB436DCA}"
EndProject
Global
	GlobalSection(SolutionConfigurationPlatforms) = preSolution
		Debug|Any CPU = Debug|Any CPU
		Release|Any CPU = Release|Any CPU
	EndGlobalSection
	GlobalSection(ProjectConfigurationPlatforms) = postSolution
		{780F1962-A52B-477C-A4E0-F413AB436DCA}.Debug|Any CPU.ActiveCfg = Debug|Any CPU
		{780F1962-A52B-477C-A4E0-F413AB436DCA}.Debug|Any CPU.Build.0 = Debug|Any CPU
		{780F1962-A52B-477C-A4E0-F413AB436DCA}.Release|Any CPU.ActiveCfg = Release|Any CPU
		{780F1962-A52B-477C-A4E0-F413AB436DCA}.Release|Any CPU.Build.0 = Release|Any CPU
	EndGlobalSection
	GlobalSection(SolutionProperties) = preSolution
		HideSolutionNode = FALSE
	EndGlobalSection
	GlobalSection(ExtensibilityGlobals) = postSolution
		SolutionGuid = {43C1196D-6D16-418D-A709-29F0D1EF3D4A}
	EndGlobalSection
EndGlobal
