
Microsoft Visual Studio Solution File, Format Version 12.00
# Visual Studio 15
VisualStudioVersion = 15.0.28307.852
MinimumVisualStudioVersion = 10.0.40219.1
Project("{FAE04EC0-301F-11D3-BF4B-00C04F79EFBC}") = "Backend Clip", "Backend Clip.csproj", "{0E4A9014-FAB9-46B1-948F-B89F5919210C}"
EndProject
Global
	GlobalSection(SolutionConfigurationPlatforms) = preSolution
		Debug|Any CPU = Debug|Any CPU
		Release|Any CPU = Release|Any CPU
	EndGlobalSection
	GlobalSection(ProjectConfigurationPlatforms) = postSolution
		{0E4A9014-FAB9-46B1-948F-B89F5919210C}.Debug|Any CPU.ActiveCfg = Debug|Any CPU
		{0E4A9014-FAB9-46B1-948F-B89F5919210C}.Debug|Any CPU.Build.0 = Debug|Any CPU
		{0E4A9014-FAB9-46B1-948F-B89F5919210C}.Release|Any CPU.ActiveCfg = Release|Any CPU
		{0E4A9014-FAB9-46B1-948F-B89F5919210C}.Release|Any CPU.Build.0 = Release|Any CPU
	EndGlobalSection
	GlobalSection(SolutionProperties) = preSolution
		HideSolutionNode = FALSE
	EndGlobalSection
	GlobalSection(ExtensibilityGlobals) = postSolution
		SolutionGuid = {59FC1894-E444-4442-AF11-C43077C31D49}
	EndGlobalSection
EndGlobal
